lockfileVersion: 5.3

specifiers:
  '@types/node': ^16.6.1
  '@vultr/vultr-node': ../vultr-node
  typescript: ^4.3.5

dependencies:
  '@vultr/vultr-node': link:../vultr-node

devDependencies:
  '@types/node': 16.6.1
  typescript: 4.3.5

packages:

  /@types/node/16.6.1:
    resolution: {integrity: sha512-Sr7BhXEAer9xyGuCN3Ek9eg9xPviCF2gfu9kTfuU2HkTVAMYSDeX40fvpmo72n5nansg3nsBjuQBrsS28r+NUw==}
    dev: true

  /typescript/4.3.5:
    resolution: {integrity: sha512-DqQgihaQ9cUrskJo9kIyW/+g0Vxsk8cDtZ52a3NGh0YNTfpUSArXSohyUGnvbPazEPLu398C0UxmKSOrPumUzA==}
    engines: {node: '>=4.2.0'}
    hasBin: true
    dev: true
